
Microsoft Visual Studio Solution File, Format Version 12.00
# Visual Studio Version 16
VisualStudioVersion = 16.0.29613.14
MinimumVisualStudioVersion = 10.0.40219.1
Project("{2150E333-8FDC-42A3-9474-1A3956D46DE8}") = "2 - Service", "2 - Service", "{1DD12EA8-4963-40B8-B45E-64730509DAC3}"
EndProject
Project("{2150E333-8FDC-42A3-9474-1A3956D46DE8}") = "3 - Application", "3 - Application", "{AAFE38B7-C5FE-42D4-B1A0-54E1ECC4FF94}"
EndProject
Project("{2150E333-8FDC-42A3-9474-1A3956D46DE8}") = "4 - Domain", "4 - Domain", "{A955E5C7-AB7C-40C8-9C63-28CB4A747992}"
EndProject
Project("{2150E333-8FDC-42A3-9474-1A3956D46DE8}") = "5 - Infra", "5 - Infra", "{B209F522-BEC1-4B26-AB54-216BED110EF7}"
EndProject
Project("{2150E333-8FDC-42A3-9474-1A3956D46DE8}") = "5.2 - CrossCutting", "5.2 - CrossCutting", "{EF8AF2FD-8C8B-4763-B937-312B8C14D1E6}"
EndProject
Project("{2150E333-8FDC-42A3-9474-1A3956D46DE8}") = "5.1 - Data", "5.1 - Data", "{64CA21DB-F8E7-48FF-859D-FFFEFDA0197E}"
EndProject
Project("{9A19103F-16F7-4668-BE54-9A1E7A4F7556}") = "HeyMacchiato.Infra.Util", "5 - Infra\5.2 - CrossCutting\HeyMacchiato.Infra.Util\HeyMacchiato.Infra.Util.csproj", "{04386CE4-3510-42B8-BD70-A009FE785780}"
EndProject
Project("{9A19103F-16F7-4668-BE54-9A1E7A4F7556}") = "HeyMacchiato.Infra.Email", "5 - Infra\5.2 - CrossCutting\HeyMacchiato.Infra.Email\HeyMacchiato.Infra.Email.csproj", "{1E7039FD-550B-4628-AA84-C1E1E8D00991}"
EndProject
Project("{9A19103F-16F7-4668-BE54-9A1E7A4F7556}") = "HeyMacchiato.Infra.Http", "5 - Infra\5.2 - CrossCutting\HeyMacchiato.Infra.Http\HeyMacchiato.Infra.Http.csproj", "{98948608-1BCD-4C7A-9243-345FC43AFFE8}"
EndProject
Project("{9A19103F-16F7-4668-BE54-9A1E7A4F7556}") = "HeyMacchiato.Infra.Filter", "5 - Infra\5.2 - CrossCutting\HeyMacchiato.Infra.Filter\HeyMacchiato.Infra.Filter.csproj", "{B68391EE-B67F-4A1F-BB58-0364AD439B31}"
EndProject
Project("{9A19103F-16F7-4668-BE54-9A1E7A4F7556}") = "HeyMacchiato.Infra.DependencyInjection", "5 - Infra\5.2 - CrossCutting\HeyMacchiato.Infra.DependencyInjection\HeyMacchiato.Infra.DependencyInjection.csproj", "{C3CF52C3-A1C1-4469-BB5D-59D1F9CDC0FB}"
EndProject
Project("{9A19103F-16F7-4668-BE54-9A1E7A4F7556}") = "HeyMacchiato.Infra.MvcCore", "5 - Infra\5.2 - CrossCutting\HeyMacchiato.Infra.MvcCore\HeyMacchiato.Infra.MvcCore.csproj", "{99D2E2F6-6584-413B-AE2D-EAE8C1FA3C85}"
EndProject
Project("{9A19103F-16F7-4668-BE54-9A1E7A4F7556}") = "HeyMacchiato.Infra.Cache", "5 - Infra\5.1 - Data\HeyMacchiato.Infra.Cache\HeyMacchiato.Infra.Cache.csproj", "{3F36CA52-E2F3-4DE6-A1E2-35D0F71751D9}"
EndProject
Project("{9A19103F-16F7-4668-BE54-9A1E7A4F7556}") = "HeyMachiato.Infra.Oss", "5 - Infra\5.1 - Data\HeyMachiato.Infra.Oss\HeyMachiato.Infra.Oss.csproj", "{1D462F21-F61E-4C75-8F50-FD1EEAB90AF8}"
EndProject
Project("{9A19103F-16F7-4668-BE54-9A1E7A4F7556}") = "HeyMacchiato.Infra.Encryption", "5 - Infra\5.2 - CrossCutting\HeyMacchiato.Infra.Encryption\HeyMacchiato.Infra.Encryption.csproj", "{BC67FB39-4322-4F38-B86E-7B1736BC999F}"
EndProject
Project("{9A19103F-16F7-4668-BE54-9A1E7A4F7556}") = "HeyMacchiato.Service.Test.Apps", "2 - Service\HeyMacchiato.Service.Test.Apps\HeyMacchiato.Service.Test.Apps.csproj", "{8390942D-2357-4889-9728-62AB988FD6C5}"
EndProject
Project("{9A19103F-16F7-4668-BE54-9A1E7A4F7556}") = "HeyMacchiato.Domain.Member", "4 - Domain\HeyMacchiato.Domain.Member\HeyMacchiato.Domain.Member.csproj", "{58E3B6BD-E2A5-47B5-A1C9-334B4104FAD0}"
EndProject
Project("{9A19103F-16F7-4668-BE54-9A1E7A4F7556}") = "HeyMacchiato.Domain.Core", "4 - Domain\HeyMacchiato.Domain.Core\HeyMacchiato.Domain.Core.csproj", "{6EBC5D77-5EBD-4CC7-9641-68D510A53F86}"
EndProject
Project("{9A19103F-16F7-4668-BE54-9A1E7A4F7556}") = "HeyMacchiato.Application.Member", "3 - Application\HeyMacchiato.Application.Member\HeyMacchiato.Application.Member.csproj", "{FE77616C-0678-41ED-ADB3-87379EFCAFF9}"
EndProject
Project("{9A19103F-16F7-4668-BE54-9A1E7A4F7556}") = "HeyMacchiato.Infra.Dapper", "5 - Infra\5.1 - Data\HeyMacchiato.Infra.Dapper\HeyMacchiato.Infra.Dapper.csproj", "{24B72433-65EB-4B03-BC1B-057C191A3220}"
EndProject
Project("{9A19103F-16F7-4668-BE54-9A1E7A4F7556}") = "HeyMacchiato.Infra.SqlSugar", "5 - Infra\5.1 - Data\HeyMacchiato.Infra.SqlSugar\HeyMacchiato.Infra.SqlSugar.csproj", "{8748B777-F968-463F-A670-2E3BA1EA9BCE}"
EndProject
Project("{9A19103F-16F7-4668-BE54-9A1E7A4F7556}") = "HeyMacchiato.Infra.EFCore", "5 - Infra\5.1 - Data\HeyMacchiato.Infra.EFCore\HeyMacchiato.Infra.EFCore.csproj", "{91D9E97E-5080-4985-BD14-FA459E5DC87B}"
EndProject
Project("{9A19103F-16F7-4668-BE54-9A1E7A4F7556}") = "HeyMacchiato.Infra.Data", "5 - Infra\5.1 - Data\HeyMacchiato.Infra.Data\HeyMacchiato.Infra.Data.csproj", "{B57B10FB-D15F-4105-BE2A-91D43FDE6777}"
EndProject
Project("{9A19103F-16F7-4668-BE54-9A1E7A4F7556}") = "HeyMacchiato.Service.OAuth.Apps", "2 - Service\HeyMacchiato.Service.OAuth.Apps\HeyMacchiato.Service.OAuth.Apps.csproj", "{DDBE9F7F-6AA0-44DB-B35A-BC649E332C7F}"
EndProject
Project("{9A19103F-16F7-4668-BE54-9A1E7A4F7556}") = "HeyMacchiato.Infra.CsRedis", "5 - Infra\5.1 - Data\HeyMacchiato.Infra.CsRedis\HeyMacchiato.Infra.CsRedis.csproj", "{D1E6EAD4-DD93-4681-A962-1350188861FF}"
EndProject
Project("{9A19103F-16F7-4668-BE54-9A1E7A4F7556}") = "HeyMacchiato.Infra.Jwt", "5 - Infra\5.2 - CrossCutting\HeyMacchiato.Infra.Jwt\HeyMacchiato.Infra.Jwt.csproj", "{FAE58924-9C01-46E0-B835-CF4F83120E1F}"
EndProject
Project("{9A19103F-16F7-4668-BE54-9A1E7A4F7556}") = "HeyMacchiato.Service.Member.Apps", "2 - Service\HeyMacchiato.Service.Member.Apps\HeyMacchiato.Service.Member.Apps.csproj", "{5ED86708-6417-452F-AF7C-EAF73512F4CC}"
EndProject
Project("{2150E333-8FDC-42A3-9474-1A3956D46DE8}") = "Solution Items", "Solution Items", "{1587D92A-B0D4-4319-9249-AD4BA8D5CB6D}"
	ProjectSection(SolutionItems) = preProject
		.editorconfig = .editorconfig
	EndProjectSection
EndProject
Project("{9A19103F-16F7-4668-BE54-9A1E7A4F7556}") = "HeyMacchiato.Application.QuartzTask", "3 - Application\HeyMacchiato.Application.QuartzTask\HeyMacchiato.Application.QuartzTask.csproj", "{61B9E0B4-BEE1-40B5-AA79-646DCB2B9F35}"
EndProject
Project("{9A19103F-16F7-4668-BE54-9A1E7A4F7556}") = "HeyMacchiato.Service.QuartzTask", "2 - Service\HeyMacchiato.Service.Quartz.Apps\HeyMacchiato.Service.QuartzTask.csproj", "{1E13AD28-9D1F-4DCA-9670-44247DE72699}"
EndProject
Project("{9A19103F-16F7-4668-BE54-9A1E7A4F7556}") = "HeyMacchiato.Infra.Aop", "5 - Infra\5.2 - CrossCutting\HeyMacchiato.Infra.Aop\HeyMacchiato.Infra.Aop.csproj", "{F400978F-2FF5-44CC-8E1E-6D8364103327}"
EndProject
Project("{2150E333-8FDC-42A3-9474-1A3956D46DE8}") = "6 - Test", "6 - Test", "{A818FE26-4001-429D-AC66-39C60C3F5204}"
EndProject
Project("{9A19103F-16F7-4668-BE54-9A1E7A4F7556}") = "HeyMacchiato.Aop.Test", "6 - Test\HeyMacchiato.Aop.Test\HeyMacchiato.Aop.Test.csproj", "{AD220E48-18A0-4297-BC31-5C0998087DF3}"
EndProject
Project("{9A19103F-16F7-4668-BE54-9A1E7A4F7556}") = "HeyMacchiato.Domain.MyBlog", "HeyMacchiato.Domain.MyBlog\HeyMacchiato.Domain.MyBlog.csproj", "{0E490953-B126-4151-A0CF-B5594A5DD107}"
EndProject
Project("{9A19103F-16F7-4668-BE54-9A1E7A4F7556}") = "HeyMacchiato.Service.MyBlog.Apps", "HeyMacchiato.Service.MyBlog.Apps\HeyMacchiato.Service.MyBlog.Apps.csproj", "{33EBFE56-51C9-45FE-B14B-3C6555DFCC07}"
EndProject
Project("{9A19103F-16F7-4668-BE54-9A1E7A4F7556}") = "HeyTom.MyBlog.Model", "HeyTom.MyBlog.Model\HeyTom.MyBlog.Model.csproj", "{800989B7-BB99-49C0-B193-1BA86CE798C7}"
EndProject
Project("{2150E333-8FDC-42A3-9474-1A3956D46DE8}") = "7- Models", "7- Models", "{F00EA1AE-7DC3-4235-9AB3-D1C0F3FE04D7}"
EndProject
Project("{2150E333-8FDC-42A3-9474-1A3956D46DE8}") = "Domain", "Domain", "{912AA19C-CBDF-4BF7-BBE6-19E20D6836FF}"
EndProject
Project("{2150E333-8FDC-42A3-9474-1A3956D46DE8}") = "8 - Repository", "8 - Repository", "{9EB2609E-96F2-462E-8A6A-06D7FCAD9DA4}"
EndProject
Project("{9A19103F-16F7-4668-BE54-9A1E7A4F7556}") = "HeyTom.Manage.Model", "HeyTom.Manage.Model\HeyTom.Manage.Model.csproj", "{D4107F3B-D5FA-4C74-B698-E29BC46BFB6F}"
EndProject
Project("{9A19103F-16F7-4668-BE54-9A1E7A4F7556}") = "HeyTom.Manage.Repository", "HeyTom.Manage.Repository\HeyTom.Manage.Repository.csproj", "{2C050E76-F26F-45A1-B9B6-828722BEDF19}"
EndProject
Project("{9A19103F-16F7-4668-BE54-9A1E7A4F7556}") = "HeyTom.MyBlog.Repository", "HeyTom.MyBlog.Repository\HeyTom.MyBlog.Repository.csproj", "{9A41ED46-C6F6-43A2-BCE7-6CB3E0E31F7E}"
EndProject
Project("{9A19103F-16F7-4668-BE54-9A1E7A4F7556}") = "HeyMacchiato.Service.Manage.Apps", "HeyMacchiato.Service.Manage.Apps\HeyMacchiato.Service.Manage.Apps.csproj", "{078850E6-5408-4D55-AAAF-AF6686C80D79}"
EndProject
Project("{9A19103F-16F7-4668-BE54-9A1E7A4F7556}") = "HeyMacchiato.service.MessageNotity.Apps", "HeyMacchiato.service.MessageNotity.Apps\HeyMacchiato.service.MessageNotity.Apps.csproj", "{ADF32AF1-284A-440B-AC4E-BF86A92FBBD6}"
EndProject
Project("{9A19103F-16F7-4668-BE54-9A1E7A4F7556}") = "HeyMachiato.Infra.Rabbitmq", "5 - Infra\5.1 - Data\HeyMachiato.Infra.Rabbitmq\HeyMachiato.Infra.Rabbitmq.csproj", "{EAD9B079-946C-40EE-BFE5-840816E47600}"
EndProject
Project("{FAE04EC0-301F-11D3-BF4B-00C04F79EFBC}") = "HeyMacchiato.Service.Resources.Apps", "HeyMacchiato.Service.Resources.Apps\HeyMacchiato.Service.Resources.Apps.csproj", "{CAC24855-8231-432B-A539-5CC35E2D6601}"
EndProject
Project("{FAE04EC0-301F-11D3-BF4B-00C04F79EFBC}") = "HeyTom.Resources.Model", "HeyTom.Resources.Model\HeyTom.Resources.Model.csproj", "{842B96B2-E611-45B9-BD2A-4408C1570472}"
EndProject
Project("{FAE04EC0-301F-11D3-BF4B-00C04F79EFBC}") = "HeyTom.Resources.Repository", "HeyTom.Resources.Repository\HeyTom.Resources.Repository.csproj", "{6828AACA-A57D-41F3-8BC0-AD09157AFA5C}"
EndProject
Global
	GlobalSection(SolutionConfigurationPlatforms) = preSolution
		Debug|Any CPU = Debug|Any CPU
		Release|Any CPU = Release|Any CPU
	EndGlobalSection
	GlobalSection(ProjectConfigurationPlatforms) = postSolution
		{04386CE4-3510-42B8-BD70-A009FE785780}.Debug|Any CPU.ActiveCfg = Debug|Any CPU
		{04386CE4-3510-42B8-BD70-A009FE785780}.Debug|Any CPU.Build.0 = Debug|Any CPU
		{04386CE4-3510-42B8-BD70-A009FE785780}.Release|Any CPU.ActiveCfg = Release|Any CPU
		{04386CE4-3510-42B8-BD70-A009FE785780}.Release|Any CPU.Build.0 = Release|Any CPU
		{1E7039FD-550B-4628-AA84-C1E1E8D00991}.Debug|Any CPU.ActiveCfg = Debug|Any CPU
		{1E7039FD-550B-4628-AA84-C1E1E8D00991}.Debug|Any CPU.Build.0 = Debug|Any CPU
		{1E7039FD-550B-4628-AA84-C1E1E8D00991}.Release|Any CPU.ActiveCfg = Release|Any CPU
		{1E7039FD-550B-4628-AA84-C1E1E8D00991}.Release|Any CPU.Build.0 = Release|Any CPU
		{98948608-1BCD-4C7A-9243-345FC43AFFE8}.Debug|Any CPU.ActiveCfg = Debug|Any CPU
		{98948608-1BCD-4C7A-9243-345FC43AFFE8}.Debug|Any CPU.Build.0 = Debug|Any CPU
		{98948608-1BCD-4C7A-9243-345FC43AFFE8}.Release|Any CPU.ActiveCfg = Release|Any CPU
		{98948608-1BCD-4C7A-9243-345FC43AFFE8}.Release|Any CPU.Build.0 = Release|Any CPU
		{B68391EE-B67F-4A1F-BB58-0364AD439B31}.Debug|Any CPU.ActiveCfg = Debug|Any CPU
		{B68391EE-B67F-4A1F-BB58-0364AD439B31}.Debug|Any CPU.Build.0 = Debug|Any CPU
		{B68391EE-B67F-4A1F-BB58-0364AD439B31}.Release|Any CPU.ActiveCfg = Release|Any CPU
		{B68391EE-B67F-4A1F-BB58-0364AD439B31}.Release|Any CPU.Build.0 = Release|Any CPU
		{C3CF52C3-A1C1-4469-BB5D-59D1F9CDC0FB}.Debug|Any CPU.ActiveCfg = Debug|Any CPU
		{C3CF52C3-A1C1-4469-BB5D-59D1F9CDC0FB}.Debug|Any CPU.Build.0 = Debug|Any CPU
		{C3CF52C3-A1C1-4469-BB5D-59D1F9CDC0FB}.Release|Any CPU.ActiveCfg = Release|Any CPU
		{C3CF52C3-A1C1-4469-BB5D-59D1F9CDC0FB}.Release|Any CPU.Build.0 = Release|Any CPU
		{99D2E2F6-6584-413B-AE2D-EAE8C1FA3C85}.Debug|Any CPU.ActiveCfg = Debug|Any CPU
		{99D2E2F6-6584-413B-AE2D-EAE8C1FA3C85}.Debug|Any CPU.Build.0 = Debug|Any CPU
		{99D2E2F6-6584-413B-AE2D-EAE8C1FA3C85}.Release|Any CPU.ActiveCfg = Release|Any CPU
		{99D2E2F6-6584-413B-AE2D-EAE8C1FA3C85}.Release|Any CPU.Build.0 = Release|Any CPU
		{3F36CA52-E2F3-4DE6-A1E2-35D0F71751D9}.Debug|Any CPU.ActiveCfg = Debug|Any CPU
		{3F36CA52-E2F3-4DE6-A1E2-35D0F71751D9}.Debug|Any CPU.Build.0 = Debug|Any CPU
		{3F36CA52-E2F3-4DE6-A1E2-35D0F71751D9}.Release|Any CPU.ActiveCfg = Release|Any CPU
		{3F36CA52-E2F3-4DE6-A1E2-35D0F71751D9}.Release|Any CPU.Build.0 = Release|Any CPU
		{1D462F21-F61E-4C75-8F50-FD1EEAB90AF8}.Debug|Any CPU.ActiveCfg = Debug|Any CPU
		{1D462F21-F61E-4C75-8F50-FD1EEAB90AF8}.Debug|Any CPU.Build.0 = Debug|Any CPU
		{1D462F21-F61E-4C75-8F50-FD1EEAB90AF8}.Release|Any CPU.ActiveCfg = Release|Any CPU
		{1D462F21-F61E-4C75-8F50-FD1EEAB90AF8}.Release|Any CPU.Build.0 = Release|Any CPU
		{BC67FB39-4322-4F38-B86E-7B1736BC999F}.Debug|Any CPU.ActiveCfg = Debug|Any CPU
		{BC67FB39-4322-4F38-B86E-7B1736BC999F}.Debug|Any CPU.Build.0 = Debug|Any CPU
		{BC67FB39-4322-4F38-B86E-7B1736BC999F}.Release|Any CPU.ActiveCfg = Release|Any CPU
		{BC67FB39-4322-4F38-B86E-7B1736BC999F}.Release|Any CPU.Build.0 = Release|Any CPU
		{8390942D-2357-4889-9728-62AB988FD6C5}.Debug|Any CPU.ActiveCfg = Debug|Any CPU
		{8390942D-2357-4889-9728-62AB988FD6C5}.Debug|Any CPU.Build.0 = Debug|Any CPU
		{8390942D-2357-4889-9728-62AB988FD6C5}.Release|Any CPU.ActiveCfg = Release|Any CPU
		{8390942D-2357-4889-9728-62AB988FD6C5}.Release|Any CPU.Build.0 = Release|Any CPU
		{58E3B6BD-E2A5-47B5-A1C9-334B4104FAD0}.Debug|Any CPU.ActiveCfg = Debug|Any CPU
		{58E3B6BD-E2A5-47B5-A1C9-334B4104FAD0}.Debug|Any CPU.Build.0 = Debug|Any CPU
		{58E3B6BD-E2A5-47B5-A1C9-334B4104FAD0}.Release|Any CPU.ActiveCfg = Release|Any CPU
		{58E3B6BD-E2A5-47B5-A1C9-334B4104FAD0}.Release|Any CPU.Build.0 = Release|Any CPU
		{6EBC5D77-5EBD-4CC7-9641-68D510A53F86}.Debug|Any CPU.ActiveCfg = Debug|Any CPU
		{6EBC5D77-5EBD-4CC7-9641-68D510A53F86}.Debug|Any CPU.Build.0 = Debug|Any CPU
		{6EBC5D77-5EBD-4CC7-9641-68D510A53F86}.Release|Any CPU.ActiveCfg = Release|Any CPU
		{6EBC5D77-5EBD-4CC7-9641-68D510A53F86}.Release|Any CPU.Build.0 = Release|Any CPU
		{FE77616C-0678-41ED-ADB3-87379EFCAFF9}.Debug|Any CPU.ActiveCfg = Debug|Any CPU
		{FE77616C-0678-41ED-ADB3-87379EFCAFF9}.Debug|Any CPU.Build.0 = Debug|Any CPU
		{FE77616C-0678-41ED-ADB3-87379EFCAFF9}.Release|Any CPU.ActiveCfg = Release|Any CPU
		{FE77616C-0678-41ED-ADB3-87379EFCAFF9}.Release|Any CPU.Build.0 = Release|Any CPU
		{24B72433-65EB-4B03-BC1B-057C191A3220}.Debug|Any CPU.ActiveCfg = Debug|Any CPU
		{24B72433-65EB-4B03-BC1B-057C191A3220}.Debug|Any CPU.Build.0 = Debug|Any CPU
		{24B72433-65EB-4B03-BC1B-057C191A3220}.Release|Any CPU.ActiveCfg = Release|Any CPU
		{24B72433-65EB-4B03-BC1B-057C191A3220}.Release|Any CPU.Build.0 = Release|Any CPU
		{8748B777-F968-463F-A670-2E3BA1EA9BCE}.Debug|Any CPU.ActiveCfg = Debug|Any CPU
		{8748B777-F968-463F-A670-2E3BA1EA9BCE}.Debug|Any CPU.Build.0 = Debug|Any CPU
		{8748B777-F968-463F-A670-2E3BA1EA9BCE}.Release|Any CPU.ActiveCfg = Release|Any CPU
		{8748B777-F968-463F-A670-2E3BA1EA9BCE}.Release|Any CPU.Build.0 = Release|Any CPU
		{91D9E97E-5080-4985-BD14-FA459E5DC87B}.Debug|Any CPU.ActiveCfg = Debug|Any CPU
		{91D9E97E-5080-4985-BD14-FA459E5DC87B}.Debug|Any CPU.Build.0 = Debug|Any CPU
		{91D9E97E-5080-4985-BD14-FA459E5DC87B}.Release|Any CPU.ActiveCfg = Release|Any CPU
		{91D9E97E-5080-4985-BD14-FA459E5DC87B}.Release|Any CPU.Build.0 = Release|Any CPU
		{B57B10FB-D15F-4105-BE2A-91D43FDE6777}.Debug|Any CPU.ActiveCfg = Debug|Any CPU
		{B57B10FB-D15F-4105-BE2A-91D43FDE6777}.Debug|Any CPU.Build.0 = Debug|Any CPU
		{B57B10FB-D15F-4105-BE2A-91D43FDE6777}.Release|Any CPU.ActiveCfg = Release|Any CPU
		{B57B10FB-D15F-4105-BE2A-91D43FDE6777}.Release|Any CPU.Build.0 = Release|Any CPU
		{DDBE9F7F-6AA0-44DB-B35A-BC649E332C7F}.Debug|Any CPU.ActiveCfg = Debug|Any CPU
		{DDBE9F7F-6AA0-44DB-B35A-BC649E332C7F}.Debug|Any CPU.Build.0 = Debug|Any CPU
		{DDBE9F7F-6AA0-44DB-B35A-BC649E332C7F}.Release|Any CPU.ActiveCfg = Release|Any CPU
		{DDBE9F7F-6AA0-44DB-B35A-BC649E332C7F}.Release|Any CPU.Build.0 = Release|Any CPU
		{D1E6EAD4-DD93-4681-A962-1350188861FF}.Debug|Any CPU.ActiveCfg = Debug|Any CPU
		{D1E6EAD4-DD93-4681-A962-1350188861FF}.Debug|Any CPU.Build.0 = Debug|Any CPU
		{D1E6EAD4-DD93-4681-A962-1350188861FF}.Release|Any CPU.ActiveCfg = Release|Any CPU
		{D1E6EAD4-DD93-4681-A962-1350188861FF}.Release|Any CPU.Build.0 = Release|Any CPU
		{FAE58924-9C01-46E0-B835-CF4F83120E1F}.Debug|Any CPU.ActiveCfg = Debug|Any CPU
		{FAE58924-9C01-46E0-B835-CF4F83120E1F}.Debug|Any CPU.Build.0 = Debug|Any CPU
		{FAE58924-9C01-46E0-B835-CF4F83120E1F}.Release|Any CPU.ActiveCfg = Release|Any CPU
		{FAE58924-9C01-46E0-B835-CF4F83120E1F}.Release|Any CPU.Build.0 = Release|Any CPU
		{5ED86708-6417-452F-AF7C-EAF73512F4CC}.Debug|Any CPU.ActiveCfg = Debug|Any CPU
		{5ED86708-6417-452F-AF7C-EAF73512F4CC}.Debug|Any CPU.Build.0 = Debug|Any CPU
		{5ED86708-6417-452F-AF7C-EAF73512F4CC}.Release|Any CPU.ActiveCfg = Release|Any CPU
		{5ED86708-6417-452F-AF7C-EAF73512F4CC}.Release|Any CPU.Build.0 = Release|Any CPU
		{61B9E0B4-BEE1-40B5-AA79-646DCB2B9F35}.Debug|Any CPU.ActiveCfg = Debug|Any CPU
		{61B9E0B4-BEE1-40B5-AA79-646DCB2B9F35}.Debug|Any CPU.Build.0 = Debug|Any CPU
		{61B9E0B4-BEE1-40B5-AA79-646DCB2B9F35}.Release|Any CPU.ActiveCfg = Release|Any CPU
		{61B9E0B4-BEE1-40B5-AA79-646DCB2B9F35}.Release|Any CPU.Build.0 = Release|Any CPU
		{1E13AD28-9D1F-4DCA-9670-44247DE72699}.Debug|Any CPU.ActiveCfg = Debug|Any CPU
		{1E13AD28-9D1F-4DCA-9670-44247DE72699}.Debug|Any CPU.Build.0 = Debug|Any CPU
		{1E13AD28-9D1F-4DCA-9670-44247DE72699}.Release|Any CPU.ActiveCfg = Release|Any CPU
		{1E13AD28-9D1F-4DCA-9670-44247DE72699}.Release|Any CPU.Build.0 = Release|Any CPU
		{F400978F-2FF5-44CC-8E1E-6D8364103327}.Debug|Any CPU.ActiveCfg = Debug|Any CPU
		{F400978F-2FF5-44CC-8E1E-6D8364103327}.Debug|Any CPU.Build.0 = Debug|Any CPU
		{F400978F-2FF5-44CC-8E1E-6D8364103327}.Release|Any CPU.ActiveCfg = Release|Any CPU
		{F400978F-2FF5-44CC-8E1E-6D8364103327}.Release|Any CPU.Build.0 = Release|Any CPU
		{AD220E48-18A0-4297-BC31-5C0998087DF3}.Debug|Any CPU.ActiveCfg = Debug|Any CPU
		{AD220E48-18A0-4297-BC31-5C0998087DF3}.Debug|Any CPU.Build.0 = Debug|Any CPU
		{AD220E48-18A0-4297-BC31-5C0998087DF3}.Release|Any CPU.ActiveCfg = Release|Any CPU
		{AD220E48-18A0-4297-BC31-5C0998087DF3}.Release|Any CPU.Build.0 = Release|Any CPU
		{0E490953-B126-4151-A0CF-B5594A5DD107}.Debug|Any CPU.ActiveCfg = Debug|Any CPU
		{0E490953-B126-4151-A0CF-B5594A5DD107}.Debug|Any CPU.Build.0 = Debug|Any CPU
		{0E490953-B126-4151-A0CF-B5594A5DD107}.Release|Any CPU.ActiveCfg = Release|Any CPU
		{0E490953-B126-4151-A0CF-B5594A5DD107}.Release|Any CPU.Build.0 = Release|Any CPU
		{33EBFE56-51C9-45FE-B14B-3C6555DFCC07}.Debug|Any CPU.ActiveCfg = Debug|Any CPU
		{33EBFE56-51C9-45FE-B14B-3C6555DFCC07}.Debug|Any CPU.Build.0 = Debug|Any CPU
		{33EBFE56-51C9-45FE-B14B-3C6555DFCC07}.Release|Any CPU.ActiveCfg = Release|Any CPU
		{33EBFE56-51C9-45FE-B14B-3C6555DFCC07}.Release|Any CPU.Build.0 = Release|Any CPU
		{800989B7-BB99-49C0-B193-1BA86CE798C7}.Debug|Any CPU.ActiveCfg = Debug|Any CPU
		{800989B7-BB99-49C0-B193-1BA86CE798C7}.Debug|Any CPU.Build.0 = Debug|Any CPU
		{800989B7-BB99-49C0-B193-1BA86CE798C7}.Release|Any CPU.ActiveCfg = Release|Any CPU
		{800989B7-BB99-49C0-B193-1BA86CE798C7}.Release|Any CPU.Build.0 = Release|Any CPU
		{D4107F3B-D5FA-4C74-B698-E29BC46BFB6F}.Debug|Any CPU.ActiveCfg = Debug|Any CPU
		{D4107F3B-D5FA-4C74-B698-E29BC46BFB6F}.Debug|Any CPU.Build.0 = Debug|Any CPU
		{D4107F3B-D5FA-4C74-B698-E29BC46BFB6F}.Release|Any CPU.ActiveCfg = Release|Any CPU
		{D4107F3B-D5FA-4C74-B698-E29BC46BFB6F}.Release|Any CPU.Build.0 = Release|Any CPU
		{2C050E76-F26F-45A1-B9B6-828722BEDF19}.Debug|Any CPU.ActiveCfg = Debug|Any CPU
		{2C050E76-F26F-45A1-B9B6-828722BEDF19}.Debug|Any CPU.Build.0 = Debug|Any CPU
		{2C050E76-F26F-45A1-B9B6-828722BEDF19}.Release|Any CPU.ActiveCfg = Release|Any CPU
		{2C050E76-F26F-45A1-B9B6-828722BEDF19}.Release|Any CPU.Build.0 = Release|Any CPU
		{9A41ED46-C6F6-43A2-BCE7-6CB3E0E31F7E}.Debug|Any CPU.ActiveCfg = Debug|Any CPU
		{9A41ED46-C6F6-43A2-BCE7-6CB3E0E31F7E}.Debug|Any CPU.Build.0 = Debug|Any CPU
		{9A41ED46-C6F6-43A2-BCE7-6CB3E0E31F7E}.Release|Any CPU.ActiveCfg = Release|Any CPU
		{9A41ED46-C6F6-43A2-BCE7-6CB3E0E31F7E}.Release|Any CPU.Build.0 = Release|Any CPU
		{078850E6-5408-4D55-AAAF-AF6686C80D79}.Debug|Any CPU.ActiveCfg = Debug|Any CPU
		{078850E6-5408-4D55-AAAF-AF6686C80D79}.Debug|Any CPU.Build.0 = Debug|Any CPU
		{078850E6-5408-4D55-AAAF-AF6686C80D79}.Release|Any CPU.ActiveCfg = Release|Any CPU
		{078850E6-5408-4D55-AAAF-AF6686C80D79}.Release|Any CPU.Build.0 = Release|Any CPU
		{ADF32AF1-284A-440B-AC4E-BF86A92FBBD6}.Debug|Any CPU.ActiveCfg = Debug|Any CPU
		{ADF32AF1-284A-440B-AC4E-BF86A92FBBD6}.Debug|Any CPU.Build.0 = Debug|Any CPU
		{ADF32AF1-284A-440B-AC4E-BF86A92FBBD6}.Release|Any CPU.ActiveCfg = Release|Any CPU
		{ADF32AF1-284A-440B-AC4E-BF86A92FBBD6}.Release|Any CPU.Build.0 = Release|Any CPU
		{EAD9B079-946C-40EE-BFE5-840816E47600}.Debug|Any CPU.ActiveCfg = Debug|Any CPU
		{EAD9B079-946C-40EE-BFE5-840816E47600}.Debug|Any CPU.Build.0 = Debug|Any CPU
		{EAD9B079-946C-40EE-BFE5-840816E47600}.Release|Any CPU.ActiveCfg = Release|Any CPU
		{EAD9B079-946C-40EE-BFE5-840816E47600}.Release|Any CPU.Build.0 = Release|Any CPU
		{CAC24855-8231-432B-A539-5CC35E2D6601}.Debug|Any CPU.ActiveCfg = Debug|Any CPU
		{CAC24855-8231-432B-A539-5CC35E2D6601}.Debug|Any CPU.Build.0 = Debug|Any CPU
		{CAC24855-8231-432B-A539-5CC35E2D6601}.Release|Any CPU.ActiveCfg = Release|Any CPU
		{CAC24855-8231-432B-A539-5CC35E2D6601}.Release|Any CPU.Build.0 = Release|Any CPU
		{842B96B2-E611-45B9-BD2A-4408C1570472}.Debug|Any CPU.ActiveCfg = Debug|Any CPU
		{842B96B2-E611-45B9-BD2A-4408C1570472}.Debug|Any CPU.Build.0 = Debug|Any CPU
		{842B96B2-E611-45B9-BD2A-4408C1570472}.Release|Any CPU.ActiveCfg = Release|Any CPU
		{842B96B2-E611-45B9-BD2A-4408C1570472}.Release|Any CPU.Build.0 = Release|Any CPU
		{6828AACA-A57D-41F3-8BC0-AD09157AFA5C}.Debug|Any CPU.ActiveCfg = Debug|Any CPU
		{6828AACA-A57D-41F3-8BC0-AD09157AFA5C}.Debug|Any CPU.Build.0 = Debug|Any CPU
		{6828AACA-A57D-41F3-8BC0-AD09157AFA5C}.Release|Any CPU.ActiveCfg = Release|Any CPU
		{6828AACA-A57D-41F3-8BC0-AD09157AFA5C}.Release|Any CPU.Build.0 = Release|Any CPU
	EndGlobalSection
	GlobalSection(SolutionProperties) = preSolution
		HideSolutionNode = FALSE
	EndGlobalSection
	GlobalSection(NestedProjects) = preSolution
		{EF8AF2FD-8C8B-4763-B937-312B8C14D1E6} = {B209F522-BEC1-4B26-AB54-216BED110EF7}
		{64CA21DB-F8E7-48FF-859D-FFFEFDA0197E} = {B209F522-BEC1-4B26-AB54-216BED110EF7}
		{04386CE4-3510-42B8-BD70-A009FE785780} = {EF8AF2FD-8C8B-4763-B937-312B8C14D1E6}
		{1E7039FD-550B-4628-AA84-C1E1E8D00991} = {EF8AF2FD-8C8B-4763-B937-312B8C14D1E6}
		{98948608-1BCD-4C7A-9243-345FC43AFFE8} = {EF8AF2FD-8C8B-4763-B937-312B8C14D1E6}
		{B68391EE-B67F-4A1F-BB58-0364AD439B31} = {EF8AF2FD-8C8B-4763-B937-312B8C14D1E6}
		{C3CF52C3-A1C1-4469-BB5D-59D1F9CDC0FB} = {EF8AF2FD-8C8B-4763-B937-312B8C14D1E6}
		{99D2E2F6-6584-413B-AE2D-EAE8C1FA3C85} = {EF8AF2FD-8C8B-4763-B937-312B8C14D1E6}
		{3F36CA52-E2F3-4DE6-A1E2-35D0F71751D9} = {64CA21DB-F8E7-48FF-859D-FFFEFDA0197E}
		{1D462F21-F61E-4C75-8F50-FD1EEAB90AF8} = {64CA21DB-F8E7-48FF-859D-FFFEFDA0197E}
		{BC67FB39-4322-4F38-B86E-7B1736BC999F} = {EF8AF2FD-8C8B-4763-B937-312B8C14D1E6}
		{8390942D-2357-4889-9728-62AB988FD6C5} = {1DD12EA8-4963-40B8-B45E-64730509DAC3}
		{58E3B6BD-E2A5-47B5-A1C9-334B4104FAD0} = {912AA19C-CBDF-4BF7-BBE6-19E20D6836FF}
		{6EBC5D77-5EBD-4CC7-9641-68D510A53F86} = {912AA19C-CBDF-4BF7-BBE6-19E20D6836FF}
		{FE77616C-0678-41ED-ADB3-87379EFCAFF9} = {AAFE38B7-C5FE-42D4-B1A0-54E1ECC4FF94}
		{24B72433-65EB-4B03-BC1B-057C191A3220} = {64CA21DB-F8E7-48FF-859D-FFFEFDA0197E}
		{8748B777-F968-463F-A670-2E3BA1EA9BCE} = {64CA21DB-F8E7-48FF-859D-FFFEFDA0197E}
		{91D9E97E-5080-4985-BD14-FA459E5DC87B} = {64CA21DB-F8E7-48FF-859D-FFFEFDA0197E}
		{B57B10FB-D15F-4105-BE2A-91D43FDE6777} = {64CA21DB-F8E7-48FF-859D-FFFEFDA0197E}
		{DDBE9F7F-6AA0-44DB-B35A-BC649E332C7F} = {1DD12EA8-4963-40B8-B45E-64730509DAC3}
		{D1E6EAD4-DD93-4681-A962-1350188861FF} = {64CA21DB-F8E7-48FF-859D-FFFEFDA0197E}
		{FAE58924-9C01-46E0-B835-CF4F83120E1F} = {EF8AF2FD-8C8B-4763-B937-312B8C14D1E6}
		{5ED86708-6417-452F-AF7C-EAF73512F4CC} = {1DD12EA8-4963-40B8-B45E-64730509DAC3}
		{61B9E0B4-BEE1-40B5-AA79-646DCB2B9F35} = {AAFE38B7-C5FE-42D4-B1A0-54E1ECC4FF94}
		{1E13AD28-9D1F-4DCA-9670-44247DE72699} = {1DD12EA8-4963-40B8-B45E-64730509DAC3}
		{F400978F-2FF5-44CC-8E1E-6D8364103327} = {EF8AF2FD-8C8B-4763-B937-312B8C14D1E6}
		{AD220E48-18A0-4297-BC31-5C0998087DF3} = {A818FE26-4001-429D-AC66-39C60C3F5204}
		{0E490953-B126-4151-A0CF-B5594A5DD107} = {912AA19C-CBDF-4BF7-BBE6-19E20D6836FF}
		{33EBFE56-51C9-45FE-B14B-3C6555DFCC07} = {1DD12EA8-4963-40B8-B45E-64730509DAC3}
		{800989B7-BB99-49C0-B193-1BA86CE798C7} = {F00EA1AE-7DC3-4235-9AB3-D1C0F3FE04D7}
		{912AA19C-CBDF-4BF7-BBE6-19E20D6836FF} = {A955E5C7-AB7C-40C8-9C63-28CB4A747992}
		{D4107F3B-D5FA-4C74-B698-E29BC46BFB6F} = {F00EA1AE-7DC3-4235-9AB3-D1C0F3FE04D7}
		{2C050E76-F26F-45A1-B9B6-828722BEDF19} = {9EB2609E-96F2-462E-8A6A-06D7FCAD9DA4}
		{9A41ED46-C6F6-43A2-BCE7-6CB3E0E31F7E} = {9EB2609E-96F2-462E-8A6A-06D7FCAD9DA4}
		{078850E6-5408-4D55-AAAF-AF6686C80D79} = {1DD12EA8-4963-40B8-B45E-64730509DAC3}
		{ADF32AF1-284A-440B-AC4E-BF86A92FBBD6} = {1DD12EA8-4963-40B8-B45E-64730509DAC3}
		{EAD9B079-946C-40EE-BFE5-840816E47600} = {64CA21DB-F8E7-48FF-859D-FFFEFDA0197E}
		{CAC24855-8231-432B-A539-5CC35E2D6601} = {1DD12EA8-4963-40B8-B45E-64730509DAC3}
		{842B96B2-E611-45B9-BD2A-4408C1570472} = {F00EA1AE-7DC3-4235-9AB3-D1C0F3FE04D7}
		{6828AACA-A57D-41F3-8BC0-AD09157AFA5C} = {9EB2609E-96F2-462E-8A6A-06D7FCAD9DA4}
	EndGlobalSection
	GlobalSection(ExtensibilityGlobals) = postSolution
		SolutionGuid = {EF443A0E-D499-402E-8D9D-E20ECE0B088A}
	EndGlobalSection
EndGlobal
